{
  "nodes": {
    "advisory-db": {
      "flake": false,
      "locked": {
        "lastModified": 1785338230,
        "narHash": "sha256-ziiv8B6/A33Qv2w9QLWhJ+RLedpfQOaCKA+meFr81aQ=",
        "owner": "rustsec",
        "repo": "advisory-db",
        "rev": "7c7ccac53056b87f69ac677f15ea2d9a98a6f8e2",
        "type": "github"
      },
      "original": {
        "owner": "rustsec",
        "repo": "advisory-db",
        "type": "github"
      }
    },
    "nixpkgs": {
      "locked": {
        "lastModified": 1785318670,
        "narHash": "sha256-dN6Ou5x/+23FZLEpYP3IffO+NyJFzUlGumt1uu3MMaY=",
        "owner": "NixOS",
        "repo": "nixpkgs",
        "rev": "0954f7ee2f6bb3dc7d4e3d0d8bcb8fd4bde4cfc5",
        "type": "github"
      },
      "original": {
        "owner": "NixOS",
        "ref": "nixos-unstable",
        "repo": "nixpkgs",
        "type": "github"
      }
    },
    "root": {
      "inputs": {
        "advisory-db": "advisory-db",
        "nixpkgs": "nixpkgs"
      }
    }
  },
  "root": "root",
  "version": 7
}
