{
  "nodes": {
    "advisory-db": {
      "flake": false,
      "locked": {
        "lastModified": 1785338230,
        "narHash": "sha256-ziiv8B6/A33Qv2w9QLWhJ+RLedpfQOaCKA+meFr81aQ=",
        "owner": "rustsec",
        "repo": "advisory-db",
        "rev": "7c7ccac53056b87f69ac677f15ea2d9a98a6f8e2",
        "type": "github"
      },
      "original": {
        "owner": "rustsec",
        "repo": "advisory-db",
        "type": "github"
      }
    },
    "nix-cargo-unit": {
      "inputs": {
        "advisory-db": "advisory-db",
        "nixpkgs": [
          "nixpkgs"
        ]
      },
      "locked": {
        "path": "..",
        "type": "path"
      },
      "original": {
        "path": "..",
        "type": "path"
      },
      "parent": []
    },
    "nixpkgs": {
      "locked": {
        "lastModified": 1785090369,
        "narHash": "sha256-m0pDuRJG7EDo9ri+4Ksu83VsI+PlxNC9lNBfydejce4=",
        "owner": "NixOS",
        "repo": "nixpkgs",
        "rev": "624af665418d3c65d544145b4d34ad696439570e",
        "type": "github"
      },
      "original": {
        "owner": "NixOS",
        "ref": "nixos-unstable",
        "repo": "nixpkgs",
        "type": "github"
      }
    },
    "root": {
      "inputs": {
        "nix-cargo-unit": "nix-cargo-unit",
        "nixpkgs": "nixpkgs"
      }
    }
  },
  "root": "root",
  "version": 7
}
